# THIS IS AN AUTOGENERATED FILE. DO NOT EDIT THIS FILE DIRECTLY.
# yarn lockfile v1


"@faker-js/faker@^7.6.0":
  "integrity" "sha512-XK6BTq1NDMo9Xqw/YkYyGjSsg44fbNwYRx7QK2CuoQgyy+f1rrTDHoExVM5PsyXCtfl2vs2vVJ0MN0yN6LppRw=="
  "resolved" "https://registry.npmjs.org/@faker-js/faker/-/faker-7.6.0.tgz"
  "version" "7.6.0"

"@playwright/test@^1.32.0":
  "integrity" "sha512-zOdGloaF0jeec7hqoLqM5S3L2rR4WxMJs6lgiAeR70JlH7Ml54ZPoIIf3X7cvnKde3Q9jJ/gaxkFh8fYI9s1rg=="
  "resolved" "https://registry.npmjs.org/@playwright/test/-/test-1.32.0.tgz"
  "version" "1.32.0"
  dependencies:
    "@types/node" "*"
    "playwright-core" "1.32.0"
  optionalDependencies:
    "fsevents" "2.3.2"

"@types/node@*":
  "integrity" "sha512-Ark2WDjjZO7GmvsyFFf81MXuGTA/d6oP38anyxWOL6EREyBKAxKoFHwBhaZxCfLRLpO8JgVXwqOwSwa7jRcjew=="
  "resolved" "https://registry.npmjs.org/@types/node/-/node-18.15.5.tgz"
  "version" "18.15.5"

"dotenv@^16.0.3":
  "integrity" "sha512-7GO6HghkA5fYG9TYnNxi14/7K9f5occMlp3zXAuSxn7CKCxt9xbNWG7yF8hTCSUchlfWSe3uLmlPfigevRItzQ=="
  "resolved" "https://registry.npmjs.org/dotenv/-/dotenv-16.0.3.tgz"
  "version" "16.0.3"

"playwright-core@1.32.0":
  "integrity" "sha512-Z9Ij17X5Z3bjpp6XKujGBp9Gv4eViESac9aDmwgQFUEJBW0K80T21m/Z+XJQlu4cNsvPygw33b6V1Va6Bda5zQ=="
  "resolved" "https://registry.npmjs.org/playwright-core/-/playwright-core-1.32.0.tgz"
  "version" "1.32.0"

"playwright@^1.32.0":
  "integrity" "sha512-zQVzxTGoC/ak2Zu0l3CeBGQ6z5oOka5ecUOk+5QbmAerih6CaVsjY9BjjhiN+UOImd3xLiNeCcmLEWcXlz1Dlg=="
  "resolved" "https://registry.npmjs.org/playwright/-/playwright-1.32.0.tgz"
  "version" "1.32.0"
  dependencies:
    "playwright-core" "1.32.0"
